// !$*UTF8*$!
{
	archiveVersion = 1;
	classes = {
	};
	objectVersion = 50;
	objects = {

/* Begin PBXBuildFile section */
		B224A4802544D2600016506D /* AppDelegate.swift in Sources */ = {isa = PBXBuildFile; fileRef = B224A47F2544D2600016506D /* AppDelegate.swift */; };
		B224A4822544D2600016506D /* SceneDelegate.swift in Sources */ = {isa = PBXBuildFile; fileRef = B224A4812544D2600016506D /* SceneDelegate.swift */; };
		B224A4842544D2600016506D /* ViewController.swift in Sources */ = {isa = PBXBuildFile; fileRef = B224A4832544D2600016506D /* ViewController.swift */; };
		B224A4872544D2600016506D /* Main.storyboard in Resources */ = {isa = PBXBuildFile; fileRef = B224A4852544D2600016506D /* Main.storyboard */; };
		B224A4892544D2630016506D /* Assets.xcassets in Resources */ = {isa = PBXBuildFile; fileRef = B224A4882544D2630016506D /* Assets.xcassets */; };
		B224A48C2544D2630016506D /* LaunchScreen.storyboard in Resources */ = {isa = PBXBuildFile; fileRef = B224A48A2544D2630016506D /* LaunchScreen.storyboard */; };
		B224A4972544D2630016506D /* ParsetagramTests.swift in Sources */ = {isa = PBXBuildFile; fileRef = B224A4962544D2630016506D /* ParsetagramTests.swift */; };
		B224A4A22544D2630016506D /* ParsetagramUITests.swift in Sources */ = {isa = PBXBuildFile; fileRef = B224A4A12544D2630016506D /* ParsetagramUITests.swift */; };
/* End PBXBuildFile section */

/* Begin PBXContainerItemProxy section */
		B224A4932544D2630016506D /* PBXContainerItemProxy */ = {
			isa = PBXContainerItemProxy;
			containerPortal = B224A4742544D2600016506D /* Project object */;
			proxyType = 1;
			remoteGlobalIDString = B224A47B2544D2600016506D;
			remoteInfo = Parsetagram;
		};
		B224A49E2544D2630016506D /* PBXContainerItemProxy */ = {
			isa = PBXContainerItemProxy;
			containerPortal = B224A4742544D2600016506D /* Project object */;
			proxyType = 1;
			remoteGlobalIDString = B224A47B2544D2600016506D;
			remoteInfo = Parsetagram;
		};
/* End PBXContainerItemProxy section */

/* Begin PBXFileReference section */
		B224A47C2544D2600016506D /* Parsetagram.app */ = {isa = PBXFileReference; explicitFileType = wrapper.application; includeInIndex = 0; path = Parsetagram.app; sourceTree = BUILT_PRODUCTS_DIR; };
		B224A47F2544D2600016506D /* AppDelegate.swift */ = {isa = PBXFileReference; lastKnownFileType = sourcecode.swift; path = AppDelegate.swift; sourceTree = "<group>"; };
		B224A4812544D2600016506D /* SceneDelegate.swift */ = {isa = PBXFileReference; lastKnownFileType = sourcecode.swift; path = SceneDelegate.swift; sourceTree = "<group>"; };
		B224A4832544D2600016506D /* ViewController.swift */ = {isa = PBXFileReference; lastKnownFileType = sourcecode.swift; path = ViewController.swift; sourceTree = "<group>"; };
		B224A4862544D2600016506D /* Base */ = {isa = PBXFileReference; lastKnownFileType = file.storyboard; name = Base; path = Base.lproj/Main.storyboard; sourceTree = "<group>"; };
		B224A4882544D2630016506D /* Assets.xcassets */ = {isa = PBXFileReference; lastKnownFileType = folder.assetcatalog; path = Assets.xcassets; sourceTree = "<group>"; };
		B224A48B2544D2630016506D /* Base */ = {isa = PBXFileReference; lastKnownFileType = file.storyboard; name = Base; path = Base.lproj/LaunchScreen.storyboard; sourceTree = "<group>"; };
		B224A48D2544D2630016506D /* Info.plist */ = {isa = PBXFileReference; lastKnownFileType = text.plist.xml; path = Info.plist; sourceTree = "<group>"; };
		B224A4922544D2630016506D /* ParsetagramTests.xctest */ = {isa = PBXFileReference; explicitFileType = wrapper.cfbundle; includeInIndex = 0; path = ParsetagramTests.xctest; sourceTree = BUILT_PRODUCTS_DIR; };
		B224A4962544D2630016506D /* ParsetagramTests.swift */ = {isa = PBXFileReference; lastKnownFileType = sourcecode.swift; path = ParsetagramTests.swift; sourceTree = "<group>"; };
		B224A4982544D2630016506D /* Info.plist */ = {isa = PBXFileReference; lastKnownFileType = text.plist.xml; path = Info.plist; sourceTree = "<group>"; };
		B224A49D2544D2630016506D /* ParsetagramUITests.xctest */ = {isa = PBXFileReference; explicitFileType = wrapper.cfbundle; includeInIndex = 0; path = ParsetagramUITests.xctest; sourceTree = BUILT_PRODUCTS_DIR; };
		B224A4A12544D2630016506D /* ParsetagramUITests.swift */ = {isa = PBXFileReference; lastKnownFileType = sourcecode.swift; path = ParsetagramUITests.swift; sourceTree = "<group>"; };
		B224A4A32544D2630016506D /* Info.plist */ = {isa = PBXFileReference; lastKnownFileType = text.plist.xml; path = Info.plist; sourceTree = "<group>"; };
/* End PBXFileReference section */

/* Begin PBXFrameworksBuildPhase section */
		B224A4792544D2600016506D /* Frameworks */ = {
			isa = PBXFrameworksBuildPhase;
			buildActionMask = 2147483647;
			files = (
			);
			runOnlyForDeploymentPostprocessing = 0;
		};
		B224A48F2544D2630016506D /* Frameworks */ = {
			isa = PBXFrameworksBuildPhase;
			buildActionMask = 2147483647;
			files = (
			);
			runOnlyForDeploymentPostprocessing = 0;
		};
		B224A49A2544D2630016506D /* Frameworks */ = {
			isa = PBXFrameworksBuildPhase;
			buildActionMask = 2147483647;
			files = (
			);
			runOnlyForDeploymentPostprocessing = 0;
		};
/* End PBXFrameworksBuildPhase section */

/* Begin PBXGroup section */
		B224A4732544D2600016506D = {
			isa = PBXGroup;
			children = (
				B224A47E2544D2600016506D /* Parsetagram */,
				B224A4952544D2630016506D /* ParsetagramTests */,
				B224A4A02544D2630016506D /* ParsetagramUITests */,
				B224A47D2544D2600016506D /* Products */,
			);
			sourceTree = "<group>";
		};
		B224A47D2544D2600016506D /* Products */ = {
			isa = PBXGroup;
			children = (
				B224A47C2544D2600016506D /* Parsetagram.app */,
				B224A4922544D2630016506D /* ParsetagramTests.xctest */,
				B224A49D2544D2630016506D /* ParsetagramUITests.xctest */,
			);
			name = Products;
			sourceTree = "<group>";
		};
		B224A47E2544D2600016506D /* Parsetagram */ = {
			isa = PBXGroup;
			children = (
				B224A47F2544D2600016506D /* AppDelegate.swift */,
				B224A4812544D2600016506D /* SceneDelegate.swift */,
				B224A4832544D2600016506D /* ViewController.swift */,
				B224A4852544D2600016506D /* Main.storyboard */,
				B224A4882544D2630016506D /* Assets.xcassets */,
				B224A48A2544D2630016506D /* LaunchScreen.storyboard */,
				B224A48D2544D2630016506D /* Info.plist */,
			);
			path = Parsetagram;
			sourceTree = "<group>";
		};
		B224A4952544D2630016506D /* ParsetagramTests */ = {
			isa = PBXGroup;
			children = (
				B224A4962544D2630016506D /* ParsetagramTests.swift */,
				B224A4982544D2630016506D /* Info.plist */,
			);
			path = ParsetagramTests;
			sourceTree = "<group>";
		};
		B224A4A02544D2630016506D /* ParsetagramUITests */ = {
			isa = PBXGroup;
			children = (
				B224A4A12544D2630016506D /* ParsetagramUITests.swift */,
				B224A4A32544D2630016506D /* Info.plist */,
			);
			path = ParsetagramUITests;
			sourceTree = "<group>";
		};
/* End PBXGroup section */

/* Begin PBXNativeTarget section */
		B224A47B2544D2600016506D /* Parsetagram */ = {
			isa = PBXNativeTarget;
			buildConfigurationList = B224A4A62544D2630016506D /* Build configuration list for PBXNativeTarget "Parsetagram" */;
			buildPhases = (
				B224A4782544D2600016506D /* Sources */,
				B224A4792544D2600016506D /* Frameworks */,
				B224A47A2544D2600016506D /* Resources */,
			);
			buildRules = (
			);
			dependencies = (
			);
			name = Parsetagram;
			productName = Parsetagram;
			productReference = B224A47C2544D2600016506D /* Parsetagram.app */;
			productType = "com.apple.product-type.application";
		};
		B224A4912544D2630016506D /* ParsetagramTests */ = {
			isa = PBXNativeTarget;
			buildConfigurationList = B224A4A92544D2630016506D /* Build configuration list for PBXNativeTarget "ParsetagramTests" */;
			buildPhases = (
				B224A48E2544D2630016506D /* Sources */,
				B224A48F2544D2630016506D /* Frameworks */,
				B224A4902544D2630016506D /* Resources */,
			);
			buildRules = (
			);
			dependencies = (
				B224A4942544D2630016506D /* PBXTargetDependency */,
			);
			name = ParsetagramTests;
			productName = ParsetagramTests;
			productReference = B224A4922544D2630016506D /* ParsetagramTests.xctest */;
			productType = "com.apple.product-type.bundle.unit-test";
		};
		B224A49C2544D2630016506D /* ParsetagramUITests */ = {
			isa = PBXNativeTarget;
			buildConfigurationList = B224A4AC2544D2630016506D /* Build configuration list for PBXNativeTarget "ParsetagramUITests" */;
			buildPhases = (
				B224A4992544D2630016506D /* Sources */,
				B224A49A2544D2630016506D /* Frameworks */,
				B224A49B2544D2630016506D /* Resources */,
			);
			buildRules = (
			);
			dependencies = (
				B224A49F2544D2630016506D /* PBXTargetDependency */,
			);
			name = ParsetagramUITests;
			productName = ParsetagramUITests;
			productReference = B224A49D2544D2630016506D /* ParsetagramUITests.xctest */;
			productType = "com.apple.product-type.bundle.ui-testing";
		};
/* End PBXNativeTarget section */

/* Begin PBXProject section */
		B224A4742544D2600016506D /* Project object */ = {
			isa = PBXProject;
			attributes = {
				LastSwiftUpdateCheck = 1200;
				LastUpgradeCheck = 1200;
				TargetAttributes = {
					B224A47B2544D2600016506D = {
						CreatedOnToolsVersion = 12.0.1;
					};
					B224A4912544D2630016506D = {
						CreatedOnToolsVersion = 12.0.1;
						TestTargetID = B224A47B2544D2600016506D;
					};
					B224A49C2544D2630016506D = {
						CreatedOnToolsVersion = 12.0.1;
						TestTargetID = B224A47B2544D2600016506D;
					};
				};
			};
			buildConfigurationList = B224A4772544D2600016506D /* Build configuration list for PBXProject "Parsetagram" */;
			compatibilityVersion = "Xcode 9.3";
			developmentRegion = en;
			hasScannedForEncodings = 0;
			knownRegions = (
				en,
				Base,
			);
			mainGroup = B224A4732544D2600016506D;
			productRefGroup = B224A47D2544D2600016506D /* Products */;
			projectDirPath = "";
			projectRoot = "";
			targets = (
				B224A47B2544D2600016506D /* Parsetagram */,
				B224A4912544D2630016506D /* ParsetagramTests */,
				B224A49C2544D2630016506D /* ParsetagramUITests */,
			);
		};
/* End PBXProject section */

/* Begin PBXResourcesBuildPhase section */
		B224A47A2544D2600016506D /* Resources */ = {
			isa = PBXResourcesBuildPhase;
			buildActionMask = 2147483647;
			files = (
				B224A48C2544D2630016506D /* LaunchScreen.storyboard in Resources */,
				B224A4892544D2630016506D /* Assets.xcassets in Resources */,
				B224A4872544D2600016506D /* Main.storyboard in Resources */,
			);
			runOnlyForDeploymentPostprocessing = 0;
		};
		B224A4902544D2630016506D /* Resources */ = {
			isa = PBXResourcesBuildPhase;
			buildActionMask = 2147483647;
			files = (
			);
			runOnlyForDeploymentPostprocessing = 0;
		};
		B224A49B2544D2630016506D /* Resources */ = {
			isa = PBXResourcesBuildPhase;
			buildActionMask = 2147483647;
			files = (
			);
			runOnlyForDeploymentPostprocessing = 0;
		};
/* End PBXResourcesBuildPhase section */

/* Begin PBXSourcesBuildPhase section */
		B224A4782544D2600016506D /* Sources */ = {
			isa = PBXSourcesBuildPhase;
			buildActionMask = 2147483647;
			files = (
				B224A4842544D2600016506D /* ViewController.swift in Sources */,
				B224A4802544D2600016506D /* AppDelegate.swift in Sources */,
				B224A4822544D2600016506D /* SceneDelegate.swift in Sources */,
			);
			runOnlyForDeploymentPostprocessing = 0;
		};
		B224A48E2544D2630016506D /* Sources */ = {
			isa = PBXSourcesBuildPhase;
			buildActionMask = 2147483647;
			files = (
				B224A4972544D2630016506D /* ParsetagramTests.swift in Sources */,
			);
			runOnlyForDeploymentPostprocessing = 0;
		};
		B224A4992544D2630016506D /* Sources */ = {
			isa = PBXSourcesBuildPhase;
			buildActionMask = 2147483647;
			files = (
				B224A4A22544D2630016506D /* ParsetagramUITests.swift in Sources */,
			);
			runOnlyForDeploymentPostprocessing = 0;
		};
/* End PBXSourcesBuildPhase section */

/* Begin PBXTargetDependency section */
		B224A4942544D2630016506D /* PBXTargetDependency */ = {
			isa = PBXTargetDependency;
			target = B224A47B2544D2600016506D /* Parsetagram */;
			targetProxy = B224A4932544D2630016506D /* PBXContainerItemProxy */;
		};
		B224A49F2544D2630016506D /* PBXTargetDependency */ = {
			isa = PBXTargetDependency;
			target = B224A47B2544D2600016506D /* Parsetagram */;
			targetProxy = B224A49E2544D2630016506D /* PBXContainerItemProxy */;
		};
/* End PBXTargetDependency section */

/* Begin PBXVariantGroup section */
		B224A4852544D2600016506D /* Main.storyboard */ = {
			isa = PBXVariantGroup;
			children = (
				B224A4862544D2600016506D /* Base */,
			);
			name = Main.storyboard;
			sourceTree = "<group>";
		};
		B224A48A2544D2630016506D /* LaunchScreen.storyboard */ = {
			isa = PBXVariantGroup;
			children = (
				B224A48B2544D2630016506D /* Base */,
			);
			name = LaunchScreen.storyboard;
			sourceTree = "<group>";
		};
/* End PBXVariantGroup section */

/* Begin XCBuildConfiguration section */
		B224A4A42544D2630016506D /* Debug */ = {
			isa = XCBuildConfiguration;
			buildSettings = {
				ALWAYS_SEARCH_USER_PATHS = NO;
				CLANG_ANALYZER_NONNULL = YES;
				CLANG_ANALYZER_NUMBER_OBJECT_CONVERSION = YES_AGGRESSIVE;
				CLANG_CXX_LANGUAGE_STANDARD = "gnu++14";
				CLANG_CXX_LIBRARY = "libc++";
				CLANG_ENABLE_MODULES = YES;
				CLANG_ENABLE_OBJC_ARC = YES;
				CLANG_ENABLE_OBJC_WEAK = YES;
				CLANG_WARN_BLOCK_CAPTURE_AUTORELEASING = YES;
				CLANG_WARN_BOOL_CONVERSION = YES;
				CLANG_WARN_COMMA = YES;
				CLANG_WARN_CONSTANT_CONVERSION = YES;
				CLANG_WARN_DEPRECATED_OBJC_IMPLEMENTATIONS = YES;
				CLANG_WARN_DIRECT_OBJC_ISA_USAGE = YES_ERROR;
				CLANG_WARN_DOCUMENTATION_COMMENTS = YES;
				CLANG_WARN_EMPTY_BODY = YES;
				CLANG_WARN_ENUM_CONVERSION = YES;
				CLANG_WARN_INFINITE_RECURSION = YES;
				CLANG_WARN_INT_CONVERSION = YES;
				CLANG_WARN_NON_LITERAL_NULL_CONVERSION = YES;
				CLANG_WARN_OBJC_IMPLICIT_RETAIN_SELF = YES;
				CLANG_WARN_OBJC_LITERAL_CONVERSION = YES;
				CLANG_WARN_OBJC_ROOT_CLASS = YES_ERROR;
				CLANG_WARN_QUOTED_INCLUDE_IN_FRAMEWORK_HEADER = YES;
				CLANG_WARN_RANGE_LOOP_ANALYSIS = YES;
				CLANG_WARN_STRICT_PROTOTYPES = YES;
				CLANG_WARN_SUSPICIOUS_MOVE = YES;
				CLANG_WARN_UNGUARDED_AVAILABILITY = YES_AGGRESSIVE;
				CLANG_WARN_UNREACHABLE_CODE = YES;
				CLANG_WARN__DUPLICATE_METHOD_MATCH = YES;
				COPY_PHASE_STRIP = NO;
				DEBUG_INFORMATION_FORMAT = dwarf;
				ENABLE_STRICT_OBJC_MSGSEND = YES;
				ENABLE_TESTABILITY = YES;
				GCC_C_LANGUAGE_STANDARD = gnu11;
				GCC_DYNAMIC_NO_PIC = NO;
				GCC_NO_COMMON_BLOCKS = YES;
				GCC_OPTIMIZATION_LEVEL = 0;
				GCC_PREPROCESSOR_DEFINITIONS = (
					"DEBUG=1",
					"$(inherited)",
				);
				GCC_WARN_64_TO_32_BIT_CONVERSION = YES;
				GCC_WARN_ABOUT_RETURN_TYPE = YES_ERROR;
				GCC_WARN_UNDECLARED_SELECTOR = YES;
				GCC_WARN_UNINITIALIZED_AUTOS = YES_AGGRESSIVE;
				GCC_WARN_UNUSED_FUNCTION = YES;
				GCC_WARN_UNUSED_VARIABLE = YES;
				IPHONEOS_DEPLOYMENT_TARGET = 14.0;
				MTL_ENABLE_DEBUG_INFO = INCLUDE_SOURCE;
				MTL_FAST_MATH = YES;
				ONLY_ACTIVE_ARCH = YES;
				SDKROOT = iphoneos;
				SWIFT_ACTIVE_COMPILATION_CONDITIONS = DEBUG;
				SWIFT_OPTIMIZATION_LEVEL = "-Onone";
			};
			name = Debug;
		};
		B224A4A52544D2630016506D /* Release */ = {
			isa = XCBuildConfiguration;
			buildSettings = {
				ALWAYS_SEARCH_USER_PATHS = NO;
				CLANG_ANALYZER_NONNULL = YES;
				CLANG_ANALYZER_NUMBER_OBJECT_CONVERSION = YES_AGGRESSIVE;
				CLANG_CXX_LANGUAGE_STANDARD = "gnu++14";
				CLANG_CXX_LIBRARY = "libc++";
				CLANG_ENABLE_MODULES = YES;
				CLANG_ENABLE_OBJC_ARC = YES;
				CLANG_ENABLE_OBJC_WEAK = YES;
				CLANG_WARN_BLOCK_CAPTURE_AUTORELEASING = YES;
				CLANG_WARN_BOOL_CONVERSION = YES;
				CLANG_WARN_COMMA = YES;
				CLANG_WARN_CONSTANT_CONVERSION = YES;
				CLANG_WARN_DEPRECATED_OBJC_IMPLEMENTATIONS = YES;
				CLANG_WARN_DIRECT_OBJC_ISA_USAGE = YES_ERROR;
				CLANG_WARN_DOCUMENTATION_COMMENTS = YES;
				CLANG_WARN_EMPTY_BODY = YES;
				CLANG_WARN_ENUM_CONVERSION = YES;
				CLANG_WARN_INFINITE_RECURSION = YES;
				CLANG_WARN_INT_CONVERSION = YES;
				CLANG_WARN_NON_LITERAL_NULL_CONVERSION = YES;
				CLANG_WARN_OBJC_IMPLICIT_RETAIN_SELF = YES;
				CLANG_WARN_OBJC_LITERAL_CONVERSION = YES;
				CLANG_WARN_OBJC_ROOT_CLASS = YES_ERROR;
				CLANG_WARN_QUOTED_INCLUDE_IN_FRAMEWORK_HEADER = YES;
				CLANG_WARN_RANGE_LOOP_ANALYSIS = YES;
				CLANG_WARN_STRICT_PROTOTYPES = YES;
				CLANG_WARN_SUSPICIOUS_MOVE = YES;
				CLANG_WARN_UNGUARDED_AVAILABILITY = YES_AGGRESSIVE;
				CLANG_WARN_UNREACHABLE_CODE = YES;
				CLANG_WARN__DUPLICATE_METHOD_MATCH = YES;
				COPY_PHASE_STRIP = NO;
				DEBUG_INFORMATION_FORMAT = "dwarf-with-dsym";
				ENABLE_NS_ASSERTIONS = NO;
				ENABLE_STRICT_OBJC_MSGSEND = YES;
				GCC_C_LANGUAGE_STANDARD = gnu11;
				GCC_NO_COMMON_BLOCKS = YES;
				GCC_WARN_64_TO_32_BIT_CONVERSION = YES;
				GCC_WARN_ABOUT_RETURN_TYPE = YES_ERROR;
				GCC_WARN_UNDECLARED_SELECTOR = YES;
				GCC_WARN_UNINITIALIZED_AUTOS = YES_AGGRESSIVE;
				GCC_WARN_UNUSED_FUNCTION = YES;
				GCC_WARN_UNUSED_VARIABLE = YES;
				IPHONEOS_DEPLOYMENT_TARGET = 14.0;
				MTL_ENABLE_DEBUG_INFO = NO;
				MTL_FAST_MATH = YES;
				SDKROOT = iphoneos;
				SWIFT_COMPILATION_MODE = wholemodule;
				SWIFT_OPTIMIZATION_LEVEL = "-O";
				VALIDATE_PRODUCT = YES;
			};
			name = Release;
		};
		B224A4A72544D2630016506D /* Debug */ = {
			isa = XCBuildConfiguration;
			buildSettings = {
				ASSETCATALOG_COMPILER_APPICON_NAME = AppIcon;
				ASSETCATALOG_COMPILER_GLOBAL_ACCENT_COLOR_NAME = AccentColor;
				CODE_SIGN_STYLE = Automatic;
				DEVELOPMENT_TEAM = 9Z5BWH646A;
				INFOPLIST_FILE = Parsetagram/Info.plist;
				LD_RUNPATH_SEARCH_PATHS = (
					"$(inherited)",
					"@executable_path/Frameworks",
				);
				PRODUCT_BUNDLE_IDENTIFIER = avniavdulla.Parsetagram;
				PRODUCT_NAME = "$(TARGET_NAME)";
				SWIFT_VERSION = 5.0;
				TARGETED_DEVICE_FAMILY = "1,2";
			};
			name = Debug;
		};
		B224A4A82544D2630016506D /* Release */ = {
			isa = XCBuildConfiguration;
			buildSettings = {
				ASSETCATALOG_COMPILER_APPICON_NAME = AppIcon;
				ASSETCATALOG_COMPILER_GLOBAL_ACCENT_COLOR_NAME = AccentColor;
				CODE_SIGN_STYLE = Automatic;
				DEVELOPMENT_TEAM = 9Z5BWH646A;
				INFOPLIST_FILE = Parsetagram/Info.plist;
				LD_RUNPATH_SEARCH_PATHS = (
					"$(inherited)",
					"@executable_path/Frameworks",
				);
				PRODUCT_BUNDLE_IDENTIFIER = avniavdulla.Parsetagram;
				PRODUCT_NAME = "$(TARGET_NAME)";
				SWIFT_VERSION = 5.0;
				TARGETED_DEVICE_FAMILY = "1,2";
			};
			name = Release;
		};
		B224A4AA2544D2630016506D /* Debug */ = {
			isa = XCBuildConfiguration;
			buildSettings = {
				ALWAYS_EMBED_SWIFT_STANDARD_LIBRARIES = YES;
				BUNDLE_LOADER = "$(TEST_HOST)";
				CODE_SIGN_STYLE = Automatic;
				DEVELOPMENT_TEAM = 9Z5BWH646A;
				INFOPLIST_FILE = ParsetagramTests/Info.plist;
				IPHONEOS_DEPLOYMENT_TARGET = 14.0;
				LD_RUNPATH_SEARCH_PATHS = (
					"$(inherited)",
					"@executable_path/Frameworks",
					"@loader_path/Frameworks",
				);
				PRODUCT_BUNDLE_IDENTIFIER = avniavdulla.ParsetagramTests;
				PRODUCT_NAME = "$(TARGET_NAME)";
				SWIFT_VERSION = 5.0;
				TARGETED_DEVICE_FAMILY = "1,2";
				TEST_HOST = "$(BUILT_PRODUCTS_DIR)/Parsetagram.app/Parsetagram";
			};
			name = Debug;
		};
		B224A4AB2544D2630016506D /* Release */ = {
			isa = XCBuildConfiguration;
			buildSettings = {
				ALWAYS_EMBED_SWIFT_STANDARD_LIBRARIES = YES;
				BUNDLE_LOADER = "$(TEST_HOST)";
				CODE_SIGN_STYLE = Automatic;
				DEVELOPMENT_TEAM = 9Z5BWH646A;
				INFOPLIST_FILE = ParsetagramTests/Info.plist;
				IPHONEOS_DEPLOYMENT_TARGET = 14.0;
				LD_RUNPATH_SEARCH_PATHS = (
					"$(inherited)",
					"@executable_path/Frameworks",
					"@loader_path/Frameworks",
				);
				PRODUCT_BUNDLE_IDENTIFIER = avniavdulla.ParsetagramTests;
				PRODUCT_NAME = "$(TARGET_NAME)";
				SWIFT_VERSION = 5.0;
				TARGETED_DEVICE_FAMILY = "1,2";
				TEST_HOST = "$(BUILT_PRODUCTS_DIR)/Parsetagram.app/Parsetagram";
			};
			name = Release;
		};
		B224A4AD2544D2630016506D /* Debug */ = {
			isa = XCBuildConfiguration;
			buildSettings = {
				ALWAYS_EMBED_SWIFT_STANDARD_LIBRARIES = YES;
				CODE_SIGN_STYLE = Automatic;
				DEVELOPMENT_TEAM = 9Z5BWH646A;
				INFOPLIST_FILE = ParsetagramUITests/Info.plist;
				LD_RUNPATH_SEARCH_PATHS = (
					"$(inherited)",
					"@executable_path/Frameworks",
					"@loader_path/Frameworks",
				);
				PRODUCT_BUNDLE_IDENTIFIER = avniavdulla.ParsetagramUITests;
				PRODUCT_NAME = "$(TARGET_NAME)";
				SWIFT_VERSION = 5.0;
				TARGETED_DEVICE_FAMILY = "1,2";
				TEST_TARGET_NAME = Parsetagram;
			};
			name = Debug;
		};
		B224A4AE2544D2630016506D /* Release */ = {
			isa = XCBuildConfiguration;
			buildSettings = {
				ALWAYS_EMBED_SWIFT_STANDARD_LIBRARIES = YES;
				CODE_SIGN_STYLE = Automatic;
				DEVELOPMENT_TEAM = 9Z5BWH646A;
				INFOPLIST_FILE = ParsetagramUITests/Info.plist;
				LD_RUNPATH_SEARCH_PATHS = (
					"$(inherited)",
					"@executable_path/Frameworks",
					"@loader_path/Frameworks",
				);
				PRODUCT_BUNDLE_IDENTIFIER = avniavdulla.ParsetagramUITests;
				PRODUCT_NAME = "$(TARGET_NAME)";
				SWIFT_VERSION = 5.0;
				TARGETED_DEVICE_FAMILY = "1,2";
				TEST_TARGET_NAME = Parsetagram;
			};
			name = Release;
		};
/* End XCBuildConfiguration section */

/* Begin XCConfigurationList section */
		B224A4772544D2600016506D /* Build configuration list for PBXProject "Parsetagram" */ = {
			isa = XCConfigurationList;
			buildConfigurations = (
				B224A4A42544D2630016506D /* Debug */,
				B224A4A52544D2630016506D /* Release */,
			);
			defaultConfigurationIsVisible = 0;
			defaultConfigurationName = Release;
		};
		B224A4A62544D2630016506D /* Build configuration list for PBXNativeTarget "Parsetagram" */ = {
			isa = XCConfigurationList;
			buildConfigurations = (
				B224A4A72544D2630016506D /* Debug */,
				B224A4A82544D2630016506D /* Release */,
			);
			defaultConfigurationIsVisible = 0;
			defaultConfigurationName = Release;
		};
		B224A4A92544D2630016506D /* Build configuration list for PBXNativeTarget "ParsetagramTests" */ = {
			isa = XCConfigurationList;
			buildConfigurations = (
				B224A4AA2544D2630016506D /* Debug */,
				B224A4AB2544D2630016506D /* Release */,
			);
			defaultConfigurationIsVisible = 0;
			defaultConfigurationName = Release;
		};
		B224A4AC2544D2630016506D /* Build configuration list for PBXNativeTarget "ParsetagramUITests" */ = {
			isa = XCConfigurationList;
			buildConfigurations = (
				B224A4AD2544D2630016506D /* Debug */,
				B224A4AE2544D2630016506D /* Release */,
			);
			defaultConfigurationIsVisible = 0;
			defaultConfigurationName = Release;
		};
/* End XCConfigurationList section */
	};
	rootObject = B224A4742544D2600016506D /* Project object */;
}
